// !$*UTF8*$!
{
	archiveVersion = 1;
	classes = {
	};
	objectVersion = 48;
	objects = {

/* Begin PBXBuildFile section */
		150659832069D02400312A9E /* ActivitiesListViewController.swift in Sources */ = {isa = PBXBuildFile; fileRef = 150659822069D02400312A9E /* ActivitiesListViewController.swift */; };
		150659852069D29700312A9E /* ActivityRowController.swift in Sources */ = {isa = PBXBuildFile; fileRef = 150659842069D29700312A9E /* ActivityRowController.swift */; };
		150A6B641FE5A02B00435670 /* Entry.swift in Sources */ = {isa = PBXBuildFile; fileRef = 150A6B631FE5A02B00435670 /* Entry.swift */; };
		150AE0382083C0C600A78098 /* Colors.swift in Sources */ = {isa = PBXBuildFile; fileRef = 150AE0372083C0C600A78098 /* Colors.swift */; };
		150AE0392083C0D000A78098 /* Colors.swift in Sources */ = {isa = PBXBuildFile; fileRef = 150AE0372083C0C600A78098 /* Colors.swift */; };
		151C7E701FDB2F43009DEF0C /* DayTableViewCell.swift in Sources */ = {isa = PBXBuildFile; fileRef = 151C7E6F1FDB2F43009DEF0C /* DayTableViewCell.swift */; };
		152450562044EC4A004FBDC7 /* LineChartTabBarController.swift in Sources */ = {isa = PBXBuildFile; fileRef = 152450552044EC4A004FBDC7 /* LineChartTabBarController.swift */; };
		152450582044FE54004FBDC7 /* MainTabBarController.swift in Sources */ = {isa = PBXBuildFile; fileRef = 152450572044FE54004FBDC7 /* MainTabBarController.swift */; };
		1524505A20450850004FBDC7 /* ActivitiesViewController.swift in Sources */ = {isa = PBXBuildFile; fileRef = 1524505920450850004FBDC7 /* ActivitiesViewController.swift */; };
		1524505C20450892004FBDC7 /* ActivityCollectionViewCell.swift in Sources */ = {isa = PBXBuildFile; fileRef = 1524505B20450892004FBDC7 /* ActivityCollectionViewCell.swift */; };
		153F970E207178E1006D588C /* AddEntryView.swift in Sources */ = {isa = PBXBuildFile; fileRef = 153F970D207178E1006D588C /* AddEntryView.swift */; };
		1547EDDF206875C1004A6209 /* CreateActivityViewController.swift in Sources */ = {isa = PBXBuildFile; fileRef = 1547EDDE206875C1004A6209 /* CreateActivityViewController.swift */; };
		1547EDE12068763B004A6209 /* UnderlinedTextField.swift in Sources */ = {isa = PBXBuildFile; fileRef = 1547EDE02068763B004A6209 /* UnderlinedTextField.swift */; };
		154CB8BF201552CB006A3E05 /* routinez.ckcomplication in Resources */ = {isa = PBXBuildFile; fileRef = 154CB8BE201552CB006A3E05 /* routinez.ckcomplication */; };
		15607EC22016CA800071C9FB /* Entry.swift in Sources */ = {isa = PBXBuildFile; fileRef = 150A6B631FE5A02B00435670 /* Entry.swift */; };
		159C6CDE203FB0C8007965EF /* LineChartViewController.swift in Sources */ = {isa = PBXBuildFile; fileRef = 159C6CDD203FB0C8007965EF /* LineChartViewController.swift */; };
		159C6CE020410EC0007965EF /* Extensions.swift in Sources */ = {isa = PBXBuildFile; fileRef = 159C6CDF20410EC0007965EF /* Extensions.swift */; };
		159C6CE120410EC8007965EF /* Extensions.swift in Sources */ = {isa = PBXBuildFile; fileRef = 159C6CDF20410EC0007965EF /* Extensions.swift */; };
		15D1CEC1203B6B900046731B /* Style.swift in Sources */ = {isa = PBXBuildFile; fileRef = 15D1CEC0203B6B900046731B /* Style.swift */; };
		15D1CEC4203B73130046731B /* DateBanner.swift in Sources */ = {isa = PBXBuildFile; fileRef = 15D1CEC3203B73130046731B /* DateBanner.swift */; };
		15D1CEC6203B83360046731B /* DailyCircleChart.swift in Sources */ = {isa = PBXBuildFile; fileRef = 15D1CEC5203B83360046731B /* DailyCircleChart.swift */; };
		15D1CECA203BAF720046731B /* UIViewExtensions.swift in Sources */ = {isa = PBXBuildFile; fileRef = 15D1CEC9203BAF720046731B /* UIViewExtensions.swift */; };
		15D1CED3203E55160046731B /* LineChart.swift in Sources */ = {isa = PBXBuildFile; fileRef = 15D1CED2203E55160046731B /* LineChart.swift */; };
		15EAFE9520225C780051947B /* CloudKitManager.swift in Sources */ = {isa = PBXBuildFile; fileRef = 15EAFE9420225C780051947B /* CloudKitManager.swift */; };
		15EAFE9620278C0A0051947B /* CloudKitManager.swift in Sources */ = {isa = PBXBuildFile; fileRef = 15EAFE9420225C780051947B /* CloudKitManager.swift */; };
		15EAFEE0202BA3980051947B /* Entries.swift in Sources */ = {isa = PBXBuildFile; fileRef = 15EAFEDF202BA3980051947B /* Entries.swift */; };
		15EAFEE1202BAB560051947B /* Entries.swift in Sources */ = {isa = PBXBuildFile; fileRef = 15EAFEDF202BA3980051947B /* Entries.swift */; };
		15FD435B1FC27E8100D069BD /* CloudKit.framework in Frameworks */ = {isa = PBXBuildFile; fileRef = 15FD435A1FC27E8100D069BD /* CloudKit.framework */; };
		15FF87D91F96D39700686BEB /* AppDelegate.swift in Sources */ = {isa = PBXBuildFile; fileRef = 15FF87D81F96D39700686BEB /* AppDelegate.swift */; };
		15FF87DB1F96D39700686BEB /* ViewController.swift in Sources */ = {isa = PBXBuildFile; fileRef = 15FF87DA1F96D39700686BEB /* ViewController.swift */; };
		15FF87DE1F96D39700686BEB /* Main.storyboard in Resources */ = {isa = PBXBuildFile; fileRef = 15FF87DC1F96D39700686BEB /* Main.storyboard */; };
		15FF87E01F96D39700686BEB /* Assets.xcassets in Resources */ = {isa = PBXBuildFile; fileRef = 15FF87DF1F96D39700686BEB /* Assets.xcassets */; };
		15FF87E31F96D39700686BEB /* LaunchScreen.storyboard in Resources */ = {isa = PBXBuildFile; fileRef = 15FF87E11F96D39700686BEB /* LaunchScreen.storyboard */; };
		15FF87E81F96D39700686BEB /* routinez WatchKit App.app in Embed Watch Content */ = {isa = PBXBuildFile; fileRef = 15FF87E71F96D39700686BEB /* routinez WatchKit App.app */; };
		15FF87EE1F96D39700686BEB /* Interface.storyboard in Resources */ = {isa = PBXBuildFile; fileRef = 15FF87EC1F96D39700686BEB /* Interface.storyboard */; };
		15FF87F01F96D39700686BEB /* Assets.xcassets in Resources */ = {isa = PBXBuildFile; fileRef = 15FF87EF1F96D39700686BEB /* Assets.xcassets */; };
		15FF87F71F96D39700686BEB /* routinez WatchKit Extension.appex in Embed App Extensions */ = {isa = PBXBuildFile; fileRef = 15FF87F61F96D39700686BEB /* routinez WatchKit Extension.appex */; settings = {ATTRIBUTES = (RemoveHeadersOnCopy, ); }; };
		15FF87FC1F96D39700686BEB /* InterfaceController.swift in Sources */ = {isa = PBXBuildFile; fileRef = 15FF87FB1F96D39700686BEB /* InterfaceController.swift */; };
		15FF87FE1F96D39700686BEB /* ExtensionDelegate.swift in Sources */ = {isa = PBXBuildFile; fileRef = 15FF87FD1F96D39700686BEB /* ExtensionDelegate.swift */; };
		15FF88001F96D39700686BEB /* NotificationController.swift in Sources */ = {isa = PBXBuildFile; fileRef = 15FF87FF1F96D39700686BEB /* NotificationController.swift */; };
		15FF88021F96D39700686BEB /* ComplicationController.swift in Sources */ = {isa = PBXBuildFile; fileRef = 15FF88011F96D39700686BEB /* ComplicationController.swift */; };
		15FF88041F96D39700686BEB /* Assets.xcassets in Resources */ = {isa = PBXBuildFile; fileRef = 15FF88031F96D39700686BEB /* Assets.xcassets */; };
		5678055862020D44D5E974D7 /* Pods_routinez_WatchKit_App.framework in Frameworks */ = {isa = PBXBuildFile; fileRef = C88E07D0473AB260CB9AF514 /* Pods_routinez_WatchKit_App.framework */; };
		893D99D865E7BCDB65D7FF63 /* Pods_routinez.framework in Frameworks */ = {isa = PBXBuildFile; fileRef = 591FC2394D6717302262974F /* Pods_routinez.framework */; };
		D2C5B3FDE90A488F3D01B89C /* Pods_routinez_WatchKit_Extension.framework in Frameworks */ = {isa = PBXBuildFile; fileRef = BAFFF59C314869D8AD5E6609 /* Pods_routinez_WatchKit_Extension.framework */; };
/* End PBXBuildFile section */

/* Begin PBXContainerItemProxy section */
		15FF87E91F96D39700686BEB /* PBXContainerItemProxy */ = {
			isa = PBXContainerItemProxy;
			containerPortal = 15FF87CD1F96D39700686BEB /* Project object */;
			proxyType = 1;
			remoteGlobalIDString = 15FF87E61F96D39700686BEB;
			remoteInfo = "routinez WatchKit App";
		};
		15FF87F81F96D39700686BEB /* PBXContainerItemProxy */ = {
			isa = PBXContainerItemProxy;
			containerPortal = 15FF87CD1F96D39700686BEB /* Project object */;
			proxyType = 1;
			remoteGlobalIDString = 15FF87F51F96D39700686BEB;
			remoteInfo = "routinez WatchKit Extension";
		};
/* End PBXContainerItemProxy section */

/* Begin PBXCopyFilesBuildPhase section */
		15FF880C1F96D39700686BEB /* Embed App Extensions */ = {
			isa = PBXCopyFilesBuildPhase;
			buildActionMask = 2147483647;
			dstPath = "";
			dstSubfolderSpec = 13;
			files = (
				15FF87F71F96D39700686BEB /* routinez WatchKit Extension.appex in Embed App Extensions */,
			);
			name = "Embed App Extensions";
			runOnlyForDeploymentPostprocessing = 0;
		};
		15FF88101F96D39700686BEB /* Embed Watch Content */ = {
			isa = PBXCopyFilesBuildPhase;
			buildActionMask = 2147483647;
			dstPath = "$(CONTENTS_FOLDER_PATH)/Watch";
			dstSubfolderSpec = 16;
			files = (
				15FF87E81F96D39700686BEB /* routinez WatchKit App.app in Embed Watch Content */,
			);
			name = "Embed Watch Content";
			runOnlyForDeploymentPostprocessing = 0;
		};
/* End PBXCopyFilesBuildPhase section */

/* Begin PBXFileReference section */
		04E6A4A4AB83A866976A4919 /* Pods-routinez.release.xcconfig */ = {isa = PBXFileReference; includeInIndex = 1; lastKnownFileType = text.xcconfig; name = "Pods-routinez.release.xcconfig"; path = "Pods/Target Support Files/Pods-routinez/Pods-routinez.release.xcconfig"; sourceTree = "<group>"; };
		13E1FAEF665C10A941BAC8A7 /* Pods-routinez.debug.xcconfig */ = {isa = PBXFileReference; includeInIndex = 1; lastKnownFileType = text.xcconfig; name = "Pods-routinez.debug.xcconfig"; path = "Pods/Target Support Files/Pods-routinez/Pods-routinez.debug.xcconfig"; sourceTree = "<group>"; };
		150659822069D02400312A9E /* ActivitiesListViewController.swift */ = {isa = PBXFileReference; lastKnownFileType = sourcecode.swift; path = ActivitiesListViewController.swift; sourceTree = "<group>"; };
		150659842069D29700312A9E /* ActivityRowController.swift */ = {isa = PBXFileReference; lastKnownFileType = sourcecode.swift; path = ActivityRowController.swift; sourceTree = "<group>"; };
		150A6B631FE5A02B00435670 /* Entry.swift */ = {isa = PBXFileReference; lastKnownFileType = sourcecode.swift; path = Entry.swift; sourceTree = "<group>"; };
		150AE0372083C0C600A78098 /* Colors.swift */ = {isa = PBXFileReference; lastKnownFileType = sourcecode.swift; path = Colors.swift; sourceTree = "<group>"; };
		151C7E6F1FDB2F43009DEF0C /* DayTableViewCell.swift */ = {isa = PBXFileReference; lastKnownFileType = sourcecode.swift; path = DayTableViewCell.swift; sourceTree = "<group>"; };
		152450552044EC4A004FBDC7 /* LineChartTabBarController.swift */ = {isa = PBXFileReference; lastKnownFileType = sourcecode.swift; path = LineChartTabBarController.swift; sourceTree = "<group>"; };
		152450572044FE54004FBDC7 /* MainTabBarController.swift */ = {isa = PBXFileReference; lastKnownFileType = sourcecode.swift; path = MainTabBarController.swift; sourceTree = "<group>"; };
		1524505920450850004FBDC7 /* ActivitiesViewController.swift */ = {isa = PBXFileReference; lastKnownFileType = sourcecode.swift; path = ActivitiesViewController.swift; sourceTree = "<group>"; };
		1524505B20450892004FBDC7 /* ActivityCollectionViewCell.swift */ = {isa = PBXFileReference; lastKnownFileType = sourcecode.swift; path = ActivityCollectionViewCell.swift; sourceTree = "<group>"; };
		153F970D207178E1006D588C /* AddEntryView.swift */ = {isa = PBXFileReference; lastKnownFileType = sourcecode.swift; path = AddEntryView.swift; sourceTree = "<group>"; };
		1547EDDE206875C1004A6209 /* CreateActivityViewController.swift */ = {isa = PBXFileReference; lastKnownFileType = sourcecode.swift; path = CreateActivityViewController.swift; sourceTree = "<group>"; };
		1547EDE02068763B004A6209 /* UnderlinedTextField.swift */ = {isa = PBXFileReference; lastKnownFileType = sourcecode.swift; path = UnderlinedTextField.swift; sourceTree = "<group>"; };
		154CB8BE201552CB006A3E05 /* routinez.ckcomplication */ = {isa = PBXFileReference; lastKnownFileType = folder; path = routinez.ckcomplication; sourceTree = "<group>"; };
		159C6CDD203FB0C8007965EF /* LineChartViewController.swift */ = {isa = PBXFileReference; lastKnownFileType = sourcecode.swift; path = LineChartViewController.swift; sourceTree = "<group>"; };
		159C6CDF20410EC0007965EF /* Extensions.swift */ = {isa = PBXFileReference; lastKnownFileType = sourcecode.swift; path = Extensions.swift; sourceTree = "<group>"; };
		15D1CEC0203B6B900046731B /* Style.swift */ = {isa = PBXFileReference; lastKnownFileType = sourcecode.swift; path = Style.swift; sourceTree = "<group>"; };
		15D1CEC3203B73130046731B /* DateBanner.swift */ = {isa = PBXFileReference; lastKnownFileType = sourcecode.swift; path = DateBanner.swift; sourceTree = "<group>"; };
		15D1CEC5203B83360046731B /* DailyCircleChart.swift */ = {isa = PBXFileReference; lastKnownFileType = sourcecode.swift; path = DailyCircleChart.swift; sourceTree = "<group>"; };
		15D1CEC9203BAF720046731B /* UIViewExtensions.swift */ = {isa = PBXFileReference; lastKnownFileType = sourcecode.swift; path = UIViewExtensions.swift; sourceTree = "<group>"; };
		15D1CED2203E55160046731B /* LineChart.swift */ = {isa = PBXFileReference; lastKnownFileType = sourcecode.swift; path = LineChart.swift; sourceTree = "<group>"; };
		15EAFE9420225C780051947B /* CloudKitManager.swift */ = {isa = PBXFileReference; lastKnownFileType = sourcecode.swift; path = CloudKitManager.swift; sourceTree = "<group>"; };
		15EAFEDF202BA3980051947B /* Entries.swift */ = {isa = PBXFileReference; lastKnownFileType = sourcecode.swift; path = Entries.swift; sourceTree = "<group>"; };
		15FD43581FC27E6600D069BD /* routinez.entitlements */ = {isa = PBXFileReference; lastKnownFileType = text.plist.entitlements; path = routinez.entitlements; sourceTree = "<group>"; };
		15FD435A1FC27E8100D069BD /* CloudKit.framework */ = {isa = PBXFileReference; lastKnownFileType = wrapper.framework; name = CloudKit.framework; path = System/Library/Frameworks/CloudKit.framework; sourceTree = SDKROOT; };
		15FF87D51F96D39700686BEB /* routinez.app */ = {isa = PBXFileReference; explicitFileType = wrapper.application; includeInIndex = 0; path = routinez.app; sourceTree = BUILT_PRODUCTS_DIR; };
		15FF87D81F96D39700686BEB /* AppDelegate.swift */ = {isa = PBXFileReference; lastKnownFileType = sourcecode.swift; path = AppDelegate.swift; sourceTree = "<group>"; };
		15FF87DA1F96D39700686BEB /* ViewController.swift */ = {isa = PBXFileReference; lastKnownFileType = sourcecode.swift; path = ViewController.swift; sourceTree = "<group>"; };
		15FF87DD1F96D39700686BEB /* Base */ = {isa = PBXFileReference; lastKnownFileType = file.storyboard; name = Base; path = Base.lproj/Main.storyboard; sourceTree = "<group>"; };
		15FF87DF1F96D39700686BEB /* Assets.xcassets */ = {isa = PBXFileReference; lastKnownFileType = folder.assetcatalog; path = Assets.xcassets; sourceTree = "<group>"; };
		15FF87E21F96D39700686BEB /* Base */ = {isa = PBXFileReference; lastKnownFileType = file.storyboard; name = Base; path = Base.lproj/LaunchScreen.storyboard; sourceTree = "<group>"; };
		15FF87E41F96D39700686BEB /* Info.plist */ = {isa = PBXFileReference; lastKnownFileType = text.plist.xml; path = Info.plist; sourceTree = "<group>"; };
		15FF87E71F96D39700686BEB /* routinez WatchKit App.app */ = {isa = PBXFileReference; explicitFileType = wrapper.application; includeInIndex = 0; path = "routinez WatchKit App.app"; sourceTree = BUILT_PRODUCTS_DIR; };
		15FF87ED1F96D39700686BEB /* Base */ = {isa = PBXFileReference; lastKnownFileType = file.storyboard; name = Base; path = Base.lproj/Interface.storyboard; sourceTree = "<group>"; };
		15FF87EF1F96D39700686BEB /* Assets.xcassets */ = {isa = PBXFileReference; lastKnownFileType = folder.assetcatalog; path = Assets.xcassets; sourceTree = "<group>"; };
		15FF87F11F96D39700686BEB /* Info.plist */ = {isa = PBXFileReference; lastKnownFileType = text.plist.xml; path = Info.plist; sourceTree = "<group>"; };
		15FF87F61F96D39700686BEB /* routinez WatchKit Extension.appex */ = {isa = PBXFileReference; explicitFileType = "wrapper.app-extension"; includeInIndex = 0; path = "routinez WatchKit Extension.appex"; sourceTree = BUILT_PRODUCTS_DIR; };
		15FF87FB1F96D39700686BEB /* InterfaceController.swift */ = {isa = PBXFileReference; lastKnownFileType = sourcecode.swift; path = InterfaceController.swift; sourceTree = "<group>"; };
		15FF87FD1F96D39700686BEB /* ExtensionDelegate.swift */ = {isa = PBXFileReference; lastKnownFileType = sourcecode.swift; path = ExtensionDelegate.swift; sourceTree = "<group>"; };
		15FF87FF1F96D39700686BEB /* NotificationController.swift */ = {isa = PBXFileReference; lastKnownFileType = sourcecode.swift; path = NotificationController.swift; sourceTree = "<group>"; };
		15FF88011F96D39700686BEB /* ComplicationController.swift */ = {isa = PBXFileReference; lastKnownFileType = sourcecode.swift; path = ComplicationController.swift; sourceTree = "<group>"; };
		15FF88031F96D39700686BEB /* Assets.xcassets */ = {isa = PBXFileReference; lastKnownFileType = folder.assetcatalog; path = Assets.xcassets; sourceTree = "<group>"; };
		15FF88051F96D39700686BEB /* Info.plist */ = {isa = PBXFileReference; lastKnownFileType = text.plist.xml; path = Info.plist; sourceTree = "<group>"; };
		15FF88061F96D39700686BEB /* PushNotificationPayload.apns */ = {isa = PBXFileReference; lastKnownFileType = text; path = PushNotificationPayload.apns; sourceTree = "<group>"; };
		18E9B3DDE30CC9B5236E7A4A /* Pods-routinez WatchKit App.debug.xcconfig */ = {isa = PBXFileReference; includeInIndex = 1; lastKnownFileType = text.xcconfig; name = "Pods-routinez WatchKit App.debug.xcconfig"; path = "Pods/Target Support Files/Pods-routinez WatchKit App/Pods-routinez WatchKit App.debug.xcconfig"; sourceTree = "<group>"; };
		591FC2394D6717302262974F /* Pods_routinez.framework */ = {isa = PBXFileReference; explicitFileType = wrapper.framework; includeInIndex = 0; path = Pods_routinez.framework; sourceTree = BUILT_PRODUCTS_DIR; };
		750F83D893AE98832ABC7077 /* Pods-routinez WatchKit Extension.debug.xcconfig */ = {isa = PBXFileReference; includeInIndex = 1; lastKnownFileType = text.xcconfig; name = "Pods-routinez WatchKit Extension.debug.xcconfig"; path = "Pods/Target Support Files/Pods-routinez WatchKit Extension/Pods-routinez WatchKit Extension.debug.xcconfig"; sourceTree = "<group>"; };
		BAFFF59C314869D8AD5E6609 /* Pods_routinez_WatchKit_Extension.framework */ = {isa = PBXFileReference; explicitFileType = wrapper.framework; includeInIndex = 0; path = Pods_routinez_WatchKit_Extension.framework; sourceTree = BUILT_PRODUCTS_DIR; };
		C88E07D0473AB260CB9AF514 /* Pods_routinez_WatchKit_App.framework */ = {isa = PBXFileReference; explicitFileType = wrapper.framework; includeInIndex = 0; path = Pods_routinez_WatchKit_App.framework; sourceTree = BUILT_PRODUCTS_DIR; };
		CCB464498106D2194981EDE9 /* Pods-routinez WatchKit App.release.xcconfig */ = {isa = PBXFileReference; includeInIndex = 1; lastKnownFileType = text.xcconfig; name = "Pods-routinez WatchKit App.release.xcconfig"; path = "Pods/Target Support Files/Pods-routinez WatchKit App/Pods-routinez WatchKit App.release.xcconfig"; sourceTree = "<group>"; };
		F629C05828D0D4A57F183227 /* Pods-routinez WatchKit Extension.release.xcconfig */ = {isa = PBXFileReference; includeInIndex = 1; lastKnownFileType = text.xcconfig; name = "Pods-routinez WatchKit Extension.release.xcconfig"; path = "Pods/Target Support Files/Pods-routinez WatchKit Extension/Pods-routinez WatchKit Extension.release.xcconfig"; sourceTree = "<group>"; };
/* End PBXFileReference section */

/* Begin PBXFrameworksBuildPhase section */
		15FF87D21F96D39700686BEB /* Frameworks */ = {
			isa = PBXFrameworksBuildPhase;
			buildActionMask = 2147483647;
			files = (
				15FD435B1FC27E8100D069BD /* CloudKit.framework in Frameworks */,
				893D99D865E7BCDB65D7FF63 /* Pods_routinez.framework in Frameworks */,
			);
			runOnlyForDeploymentPostprocessing = 0;
		};
		15FF87F31F96D39700686BEB /* Frameworks */ = {
			isa = PBXFrameworksBuildPhase;
			buildActionMask = 2147483647;
			files = (
				D2C5B3FDE90A488F3D01B89C /* Pods_routinez_WatchKit_Extension.framework in Frameworks */,
			);
			runOnlyForDeploymentPostprocessing = 0;
		};
		911FD52161E4C05F62BFCFD7 /* Frameworks */ = {
			isa = PBXFrameworksBuildPhase;
			buildActionMask = 2147483647;
			files = (
				5678055862020D44D5E974D7 /* Pods_routinez_WatchKit_App.framework in Frameworks */,
			);
			runOnlyForDeploymentPostprocessing = 0;
		};
/* End PBXFrameworksBuildPhase section */

/* Begin PBXGroup section */
		1574FB7E2009A6E6009837C9 /* Shared */ = {
			isa = PBXGroup;
			children = (
				150A6B631FE5A02B00435670 /* Entry.swift */,
				159C6CDF20410EC0007965EF /* Extensions.swift */,
				15EAFEDF202BA3980051947B /* Entries.swift */,
				150AE0372083C0C600A78098 /* Colors.swift */,
			);
			path = Shared;
			sourceTree = "<group>";
		};
		15D1CEC2203B72CD0046731B /* views */ = {
			isa = PBXGroup;
			children = (
				15D1CEC3203B73130046731B /* DateBanner.swift */,
				1547EDE02068763B004A6209 /* UnderlinedTextField.swift */,
				1524505B20450892004FBDC7 /* ActivityCollectionViewCell.swift */,
				153F970D207178E1006D588C /* AddEntryView.swift */,
				15D1CEC5203B83360046731B /* DailyCircleChart.swift */,
				15D1CEC9203BAF720046731B /* UIViewExtensions.swift */,
				15D1CED2203E55160046731B /* LineChart.swift */,
			);
			path = views;
			sourceTree = "<group>";
		};
		15FD43591FC27E8100D069BD /* Frameworks */ = {
			isa = PBXGroup;
			children = (
				15FD435A1FC27E8100D069BD /* CloudKit.framework */,
				591FC2394D6717302262974F /* Pods_routinez.framework */,
				C88E07D0473AB260CB9AF514 /* Pods_routinez_WatchKit_App.framework */,
				BAFFF59C314869D8AD5E6609 /* Pods_routinez_WatchKit_Extension.framework */,
			);
			name = Frameworks;
			sourceTree = "<group>";
		};
		15FF87CC1F96D39700686BEB = {
			isa = PBXGroup;
			children = (
				15FF87D71F96D39700686BEB /* routinez */,
				15FF87EB1F96D39700686BEB /* routinez WatchKit App */,
				15FF87FA1F96D39700686BEB /* routinez WatchKit Extension */,
				15FF87D61F96D39700686BEB /* Products */,
				15FD43591FC27E8100D069BD /* Frameworks */,
				B3D45938F1380C76167789D2 /* Pods */,
			);
			sourceTree = "<group>";
		};
		15FF87D61F96D39700686BEB /* Products */ = {
			isa = PBXGroup;
			children = (
				15FF87D51F96D39700686BEB /* routinez.app */,
				15FF87E71F96D39700686BEB /* routinez WatchKit App.app */,
				15FF87F61F96D39700686BEB /* routinez WatchKit Extension.appex */,
			);
			name = Products;
			sourceTree = "<group>";
		};
		15FF87D71F96D39700686BEB /* routinez */ = {
			isa = PBXGroup;
			children = (
				15FD43581FC27E6600D069BD /* routinez.entitlements */,
				154CB8BE201552CB006A3E05 /* routinez.ckcomplication */,
				15FF87D81F96D39700686BEB /* AppDelegate.swift */,
				15D1CEC2203B72CD0046731B /* views */,
				1574FB7E2009A6E6009837C9 /* Shared */,
				15EAFE9420225C780051947B /* CloudKitManager.swift */,
				15FF87DA1F96D39700686BEB /* ViewController.swift */,
				1524505920450850004FBDC7 /* ActivitiesViewController.swift */,
				1547EDDE206875C1004A6209 /* CreateActivityViewController.swift */,
				152450572044FE54004FBDC7 /* MainTabBarController.swift */,
				159C6CDD203FB0C8007965EF /* LineChartViewController.swift */,
				152450552044EC4A004FBDC7 /* LineChartTabBarController.swift */,
				151C7E6F1FDB2F43009DEF0C /* DayTableViewCell.swift */,
				15D1CEC0203B6B900046731B /* Style.swift */,
				15FF87DC1F96D39700686BEB /* Main.storyboard */,
				15FF87DF1F96D39700686BEB /* Assets.xcassets */,
				15FF87E11F96D39700686BEB /* LaunchScreen.storyboard */,
				15FF87E41F96D39700686BEB /* Info.plist */,
			);
			path = routinez;
			sourceTree = "<group>";
		};
		15FF87EB1F96D39700686BEB /* routinez WatchKit App */ = {
			isa = PBXGroup;
			children = (
				15FF87EC1F96D39700686BEB /* Interface.storyboard */,
				15FF87EF1F96D39700686BEB /* Assets.xcassets */,
				15FF87F11F96D39700686BEB /* Info.plist */,
			);
			path = "routinez WatchKit App";
			sourceTree = "<group>";
		};
		15FF87FA1F96D39700686BEB /* routinez WatchKit Extension */ = {
			isa = PBXGroup;
			children = (
				15FF87FB1F96D39700686BEB /* InterfaceController.swift */,
				150659842069D29700312A9E /* ActivityRowController.swift */,
				150659822069D02400312A9E /* ActivitiesListViewController.swift */,
				15FF87FD1F96D39700686BEB /* ExtensionDelegate.swift */,
				15FF87FF1F96D39700686BEB /* NotificationController.swift */,
				15FF88011F96D39700686BEB /* ComplicationController.swift */,
				15FF88031F96D39700686BEB /* Assets.xcassets */,
				15FF88051F96D39700686BEB /* Info.plist */,
				15FF88061F96D39700686BEB /* PushNotificationPayload.apns */,
			);
			path = "routinez WatchKit Extension";
			sourceTree = "<group>";
		};
		B3D45938F1380C76167789D2 /* Pods */ = {
			isa = PBXGroup;
			children = (
				13E1FAEF665C10A941BAC8A7 /* Pods-routinez.debug.xcconfig */,
				04E6A4A4AB83A866976A4919 /* Pods-routinez.release.xcconfig */,
				18E9B3DDE30CC9B5236E7A4A /* Pods-routinez WatchKit App.debug.xcconfig */,
				CCB464498106D2194981EDE9 /* Pods-routinez WatchKit App.release.xcconfig */,
				750F83D893AE98832ABC7077 /* Pods-routinez WatchKit Extension.debug.xcconfig */,
				F629C05828D0D4A57F183227 /* Pods-routinez WatchKit Extension.release.xcconfig */,
			);
			name = Pods;
			sourceTree = "<group>";
		};
/* End PBXGroup section */

/* Begin PBXNativeTarget section */
		15FF87D41F96D39700686BEB /* routinez */ = {
			isa = PBXNativeTarget;
			buildConfigurationList = 15FF88111F96D39700686BEB /* Build configuration list for PBXNativeTarget "routinez" */;
			buildPhases = (
				D823738B3B0FE1EC7FC7BE3C /* [CP] Check Pods Manifest.lock */,
				15FF87D11F96D39700686BEB /* Sources */,
				15FF87D21F96D39700686BEB /* Frameworks */,
				15FF87D31F96D39700686BEB /* Resources */,
				15FF88101F96D39700686BEB /* Embed Watch Content */,
				EE4FD7D153C5623E9F67452F /* [CP] Embed Pods Frameworks */,
				0693F972AA8DE7AEE663D5F2 /* [CP] Copy Pods Resources */,
			);
			buildRules = (
			);
			dependencies = (
				15FF87EA1F96D39700686BEB /* PBXTargetDependency */,
			);
			name = routinez;
			productName = routinez;
			productReference = 15FF87D51F96D39700686BEB /* routinez.app */;
			productType = "com.apple.product-type.application";
		};
		15FF87E61F96D39700686BEB /* routinez WatchKit App */ = {
			isa = PBXNativeTarget;
			buildConfigurationList = 15FF880D1F96D39700686BEB /* Build configuration list for PBXNativeTarget "routinez WatchKit App" */;
			buildPhases = (
				8F3E5A70D02CDA3BACECF224 /* [CP] Check Pods Manifest.lock */,
				15FF87E51F96D39700686BEB /* Resources */,
				15FF880C1F96D39700686BEB /* Embed App Extensions */,
				911FD52161E4C05F62BFCFD7 /* Frameworks */,
				A62736668F0741207797828B /* [CP] Copy Pods Resources */,
			);
			buildRules = (
			);
			dependencies = (
				15FF87F91F96D39700686BEB /* PBXTargetDependency */,
			);
			name = "routinez WatchKit App";
			productName = "routinez WatchKit App";
			productReference = 15FF87E71F96D39700686BEB /* routinez WatchKit App.app */;
			productType = "com.apple.product-type.application.watchapp2";
		};
		15FF87F51F96D39700686BEB /* routinez WatchKit Extension */ = {
			isa = PBXNativeTarget;
			buildConfigurationList = 15FF88091F96D39700686BEB /* Build configuration list for PBXNativeTarget "routinez WatchKit Extension" */;
			buildPhases = (
				3927559023A28FB2D80E0A2A /* [CP] Check Pods Manifest.lock */,
				15FF87F21F96D39700686BEB /* Sources */,
				15FF87F31F96D39700686BEB /* Frameworks */,
				15FF87F41F96D39700686BEB /* Resources */,
				ABCCF380F2ADBB4D619E1CEF /* [CP] Embed Pods Frameworks */,
				02CA5C740241944E11F3B8FB /* [CP] Copy Pods Resources */,
			);
			buildRules = (
			);
			dependencies = (
			);
			name = "routinez WatchKit Extension";
			productName = "routinez WatchKit Extension";
			productReference = 15FF87F61F96D39700686BEB /* routinez WatchKit Extension.appex */;
			productType = "com.apple.product-type.watchkit2-extension";
		};
/* End PBXNativeTarget section */

/* Begin PBXProject section */
		15FF87CD1F96D39700686BEB /* Project object */ = {
			isa = PBXProject;
			attributes = {
				LastSwiftUpdateCheck = 0910;
				LastUpgradeCheck = 0910;
				ORGANIZATIONNAME = "Megan Boudreau";
				TargetAttributes = {
					15FF87D41F96D39700686BEB = {
						CreatedOnToolsVersion = 9.1;
						ProvisioningStyle = Automatic;
						SystemCapabilities = {
							com.apple.BackgroundModes = {
								enabled = 1;
							};
							com.apple.Push = {
								enabled = 1;
							};
							com.apple.iCloud = {
								enabled = 1;
							};
						};
					};
					15FF87E61F96D39700686BEB = {
						CreatedOnToolsVersion = 9.1;
						ProvisioningStyle = Automatic;
					};
					15FF87F51F96D39700686BEB = {
						CreatedOnToolsVersion = 9.1;
						ProvisioningStyle = Automatic;
					};
				};
			};
			buildConfigurationList = 15FF87D01F96D39700686BEB /* Build configuration list for PBXProject "routinez" */;
			compatibilityVersion = "Xcode 8.0";
			developmentRegion = en;
			hasScannedForEncodings = 0;
			knownRegions = (
				en,
				Base,
			);
			mainGroup = 15FF87CC1F96D39700686BEB;
			productRefGroup = 15FF87D61F96D39700686BEB /* Products */;
			projectDirPath = "";
			projectRoot = "";
			targets = (
				15FF87D41F96D39700686BEB /* routinez */,
				15FF87E61F96D39700686BEB /* routinez WatchKit App */,
				15FF87F51F96D39700686BEB /* routinez WatchKit Extension */,
			);
		};
/* End PBXProject section */

/* Begin PBXResourcesBuildPhase section */
		15FF87D31F96D39700686BEB /* Resources */ = {
			isa = PBXResourcesBuildPhase;
			buildActionMask = 2147483647;
			files = (
				15FF87E31F96D39700686BEB /* LaunchScreen.storyboard in Resources */,
				154CB8BF201552CB006A3E05 /* routinez.ckcomplication in Resources */,
				15FF87E01F96D39700686BEB /* Assets.xcassets in Resources */,
				15FF87DE1F96D39700686BEB /* Main.storyboard in Resources */,
			);
			runOnlyForDeploymentPostprocessing = 0;
		};
		15FF87E51F96D39700686BEB /* Resources */ = {
			isa = PBXResourcesBuildPhase;
			buildActionMask = 2147483647;
			files = (
				15FF87F01F96D39700686BEB /* Assets.xcassets in Resources */,
				15FF87EE1F96D39700686BEB /* Interface.storyboard in Resources */,
			);
			runOnlyForDeploymentPostprocessing = 0;
		};
		15FF87F41F96D39700686BEB /* Resources */ = {
			isa = PBXResourcesBuildPhase;
			buildActionMask = 2147483647;
			files = (
				15FF88041F96D39700686BEB /* Assets.xcassets in Resources */,
			);
			runOnlyForDeploymentPostprocessing = 0;
		};
/* End PBXResourcesBuildPhase section */

/* Begin PBXShellScriptBuildPhase section */
		02CA5C740241944E11F3B8FB /* [CP] Copy Pods Resources */ = {
			isa = PBXShellScriptBuildPhase;
			buildActionMask = 2147483647;
			files = (
			);
			inputPaths = (
			);
			name = "[CP] Copy Pods Resources";
			outputPaths = (
			);
			runOnlyForDeploymentPostprocessing = 0;
			shellPath = /bin/sh;
			shellScript = "\"${SRCROOT}/Pods/Target Support Files/Pods-routinez WatchKit Extension/Pods-routinez WatchKit Extension-resources.sh\"\n";
			showEnvVarsInLog = 0;
		};
		0693F972AA8DE7AEE663D5F2 /* [CP] Copy Pods Resources */ = {
			isa = PBXShellScriptBuildPhase;
			buildActionMask = 2147483647;
			files = (
			);
			inputPaths = (
			);
			name = "[CP] Copy Pods Resources";
			outputPaths = (
			);
			runOnlyForDeploymentPostprocessing = 0;
			shellPath = /bin/sh;
			shellScript = "\"${SRCROOT}/Pods/Target Support Files/Pods-routinez/Pods-routinez-resources.sh\"\n";
			showEnvVarsInLog = 0;
		};
		3927559023A28FB2D80E0A2A /* [CP] Check Pods Manifest.lock */ = {
			isa = PBXShellScriptBuildPhase;
			buildActionMask = 2147483647;
			files = (
			);
			inputPaths = (
				"${PODS_PODFILE_DIR_PATH}/Podfile.lock",
				"${PODS_ROOT}/Manifest.lock",
			);
			name = "[CP] Check Pods Manifest.lock";
			outputPaths = (
				"$(DERIVED_FILE_DIR)/Pods-routinez WatchKit Extension-checkManifestLockResult.txt",
			);
			runOnlyForDeploymentPostprocessing = 0;
			shellPath = /bin/sh;
			shellScript = "diff \"${PODS_PODFILE_DIR_PATH}/Podfile.lock\" \"${PODS_ROOT}/Manifest.lock\" > /dev/null\nif [ $? != 0 ] ; then\n    # print error to STDERR\n    echo \"error: The sandbox is not in sync with the Podfile.lock. Run 'pod install' or update your CocoaPods installation.\" >&2\n    exit 1\nfi\n# This output is used by Xcode 'outputs' to avoid re-running this script phase.\necho \"SUCCESS\" > \"${SCRIPT_OUTPUT_FILE_0}\"\n";
			showEnvVarsInLog = 0;
		};
		8F3E5A70D02CDA3BACECF224 /* [CP] Check Pods Manifest.lock */ = {
			isa = PBXShellScriptBuildPhase;
			buildActionMask = 2147483647;
			files = (
			);
			inputPaths = (
				"${PODS_PODFILE_DIR_PATH}/Podfile.lock",
				"${PODS_ROOT}/Manifest.lock",
			);
			name = "[CP] Check Pods Manifest.lock";
			outputPaths = (
				"$(DERIVED_FILE_DIR)/Pods-routinez WatchKit App-checkManifestLockResult.txt",
			);
			runOnlyForDeploymentPostprocessing = 0;
			shellPath = /bin/sh;
			shellScript = "diff \"${PODS_PODFILE_DIR_PATH}/Podfile.lock\" \"${PODS_ROOT}/Manifest.lock\" > /dev/null\nif [ $? != 0 ] ; then\n    # print error to STDERR\n    echo \"error: The sandbox is not in sync with the Podfile.lock. Run 'pod install' or update your CocoaPods installation.\" >&2\n    exit 1\nfi\n# This output is used by Xcode 'outputs' to avoid re-running this script phase.\necho \"SUCCESS\" > \"${SCRIPT_OUTPUT_FILE_0}\"\n";
			showEnvVarsInLog = 0;
		};
		A62736668F0741207797828B /* [CP] Copy Pods Resources */ = {
			isa = PBXShellScriptBuildPhase;
			buildActionMask = 2147483647;
			files = (
			);
			inputPaths = (
			);
			name = "[CP] Copy Pods Resources";
			outputPaths = (
			);
			runOnlyForDeploymentPostprocessing = 0;
			shellPath = /bin/sh;
			shellScript = "\"${SRCROOT}/Pods/Target Support Files/Pods-routinez WatchKit App/Pods-routinez WatchKit App-resources.sh\"\n";
			showEnvVarsInLog = 0;
		};
		ABCCF380F2ADBB4D619E1CEF /* [CP] Embed Pods Frameworks */ = {
			isa = PBXShellScriptBuildPhase;
			buildActionMask = 2147483647;
			files = (
			);
			inputPaths = (
			);
			name = "[CP] Embed Pods Frameworks";
			outputPaths = (
			);
			runOnlyForDeploymentPostprocessing = 0;
			shellPath = /bin/sh;
			shellScript = "\"${SRCROOT}/Pods/Target Support Files/Pods-routinez WatchKit Extension/Pods-routinez WatchKit Extension-frameworks.sh\"\n";
			showEnvVarsInLog = 0;
		};
		D823738B3B0FE1EC7FC7BE3C /* [CP] Check Pods Manifest.lock */ = {
			isa = PBXShellScriptBuildPhase;
			buildActionMask = 2147483647;
			files = (
			);
			inputPaths = (
				"${PODS_PODFILE_DIR_PATH}/Podfile.lock",
				"${PODS_ROOT}/Manifest.lock",
			);
			name = "[CP] Check Pods Manifest.lock";
			outputPaths = (
				"$(DERIVED_FILE_DIR)/Pods-routinez-checkManifestLockResult.txt",
			);
			runOnlyForDeploymentPostprocessing = 0;
			shellPath = /bin/sh;
			shellScript = "diff \"${PODS_PODFILE_DIR_PATH}/Podfile.lock\" \"${PODS_ROOT}/Manifest.lock\" > /dev/null\nif [ $? != 0 ] ; then\n    # print error to STDERR\n    echo \"error: The sandbox is not in sync with the Podfile.lock. Run 'pod install' or update your CocoaPods installation.\" >&2\n    exit 1\nfi\n# This output is used by Xcode 'outputs' to avoid re-running this script phase.\necho \"SUCCESS\" > \"${SCRIPT_OUTPUT_FILE_0}\"\n";
			showEnvVarsInLog = 0;
		};
		EE4FD7D153C5623E9F67452F /* [CP] Embed Pods Frameworks */ = {
			isa = PBXShellScriptBuildPhase;
			buildActionMask = 2147483647;
			files = (
			);
			inputPaths = (
				"${SRCROOT}/Pods/Target Support Files/Pods-routinez/Pods-routinez-frameworks.sh",
				"${BUILT_PRODUCTS_DIR}/Charts/Charts.framework",
			);
			name = "[CP] Embed Pods Frameworks";
			outputPaths = (
				"${TARGET_BUILD_DIR}/${FRAMEWORKS_FOLDER_PATH}/Charts.framework",
			);
			runOnlyForDeploymentPostprocessing = 0;
			shellPath = /bin/sh;
			shellScript = "\"${SRCROOT}/Pods/Target Support Files/Pods-routinez/Pods-routinez-frameworks.sh\"\n";
			showEnvVarsInLog = 0;
		};
/* End PBXShellScriptBuildPhase section */

/* Begin PBXSourcesBuildPhase section */
		15FF87D11F96D39700686BEB /* Sources */ = {
			isa = PBXSourcesBuildPhase;
			buildActionMask = 2147483647;
			files = (
				150A6B641FE5A02B00435670 /* Entry.swift in Sources */,
				1547EDDF206875C1004A6209 /* CreateActivityViewController.swift in Sources */,
				159C6CDE203FB0C8007965EF /* LineChartViewController.swift in Sources */,
				152450582044FE54004FBDC7 /* MainTabBarController.swift in Sources */,
				1547EDE12068763B004A6209 /* UnderlinedTextField.swift in Sources */,
				15FF87DB1F96D39700686BEB /* ViewController.swift in Sources */,
				15D1CED3203E55160046731B /* LineChart.swift in Sources */,
				153F970E207178E1006D588C /* AddEntryView.swift in Sources */,
				15EAFEE0202BA3980051947B /* Entries.swift in Sources */,
				15EAFE9520225C780051947B /* CloudKitManager.swift in Sources */,
				150AE0382083C0C600A78098 /* Colors.swift in Sources */,
				152450562044EC4A004FBDC7 /* LineChartTabBarController.swift in Sources */,
				1524505C20450892004FBDC7 /* ActivityCollectionViewCell.swift in Sources */,
				151C7E701FDB2F43009DEF0C /* DayTableViewCell.swift in Sources */,
				15D1CEC1203B6B900046731B /* Style.swift in Sources */,
				159C6CE020410EC0007965EF /* Extensions.swift in Sources */,
				15D1CECA203BAF720046731B /* UIViewExtensions.swift in Sources */,
				15D1CEC6203B83360046731B /* DailyCircleChart.swift in Sources */,
				15FF87D91F96D39700686BEB /* AppDelegate.swift in Sources */,
				15D1CEC4203B73130046731B /* DateBanner.swift in Sources */,
				1524505A20450850004FBDC7 /* ActivitiesViewController.swift in Sources */,
			);
			runOnlyForDeploymentPostprocessing = 0;
		};
		15FF87F21F96D39700686BEB /* Sources */ = {
			isa = PBXSourcesBuildPhase;
			buildActionMask = 2147483647;
			files = (
				15607EC22016CA800071C9FB /* Entry.swift in Sources */,
				150AE0392083C0D000A78098 /* Colors.swift in Sources */,
				15EAFEE1202BAB560051947B /* Entries.swift in Sources */,
				15FF88001F96D39700686BEB /* NotificationController.swift in Sources */,
				159C6CE120410EC8007965EF /* Extensions.swift in Sources */,
				150659832069D02400312A9E /* ActivitiesListViewController.swift in Sources */,
				150659852069D29700312A9E /* ActivityRowController.swift in Sources */,
				15EAFE9620278C0A0051947B /* CloudKitManager.swift in Sources */,
				15FF88021F96D39700686BEB /* ComplicationController.swift in Sources */,
				15FF87FE1F96D39700686BEB /* ExtensionDelegate.swift in Sources */,
				15FF87FC1F96D39700686BEB /* InterfaceController.swift in Sources */,
			);
			runOnlyForDeploymentPostprocessing = 0;
		};
/* End PBXSourcesBuildPhase section */

/* Begin PBXTargetDependency section */
		15FF87EA1F96D39700686BEB /* PBXTargetDependency */ = {
			isa = PBXTargetDependency;
			target = 15FF87E61F96D39700686BEB /* routinez WatchKit App */;
			targetProxy = 15FF87E91F96D39700686BEB /* PBXContainerItemProxy */;
		};
		15FF87F91F96D39700686BEB /* PBXTargetDependency */ = {
			isa = PBXTargetDependency;
			target = 15FF87F51F96D39700686BEB /* routinez WatchKit Extension */;
			targetProxy = 15FF87F81F96D39700686BEB /* PBXContainerItemProxy */;
		};
/* End PBXTargetDependency section */

/* Begin PBXVariantGroup section */
		15FF87DC1F96D39700686BEB /* Main.storyboard */ = {
			isa = PBXVariantGroup;
			children = (
				15FF87DD1F96D39700686BEB /* Base */,
			);
			name = Main.storyboard;
			sourceTree = "<group>";
		};
		15FF87E11F96D39700686BEB /* LaunchScreen.storyboard */ = {
			isa = PBXVariantGroup;
			children = (
				15FF87E21F96D39700686BEB /* Base */,
			);
			name = LaunchScreen.storyboard;
			sourceTree = "<group>";
		};
		15FF87EC1F96D39700686BEB /* Interface.storyboard */ = {
			isa = PBXVariantGroup;
			children = (
				15FF87ED1F96D39700686BEB /* Base */,
			);
			name = Interface.storyboard;
			sourceTree = "<group>";
		};
/* End PBXVariantGroup section */

/* Begin XCBuildConfiguration section */
		15FF88071F96D39700686BEB /* Debug */ = {
			isa = XCBuildConfiguration;
			buildSettings = {
				ALWAYS_SEARCH_USER_PATHS = NO;
				CLANG_ANALYZER_NONNULL = YES;
				CLANG_ANALYZER_NUMBER_OBJECT_CONVERSION = YES_AGGRESSIVE;
				CLANG_CXX_LANGUAGE_STANDARD = "gnu++14";
				CLANG_CXX_LIBRARY = "libc++";
				CLANG_ENABLE_MODULES = YES;
				CLANG_ENABLE_OBJC_ARC = YES;
				CLANG_WARN_BLOCK_CAPTURE_AUTORELEASING = YES;
				CLANG_WARN_BOOL_CONVERSION = YES;
				CLANG_WARN_COMMA = YES;
				CLANG_WARN_CONSTANT_CONVERSION = YES;
				CLANG_WARN_DIRECT_OBJC_ISA_USAGE = YES_ERROR;
				CLANG_WARN_DOCUMENTATION_COMMENTS = YES;
				CLANG_WARN_EMPTY_BODY = YES;
				CLANG_WARN_ENUM_CONVERSION = YES;
				CLANG_WARN_INFINITE_RECURSION = YES;
				CLANG_WARN_INT_CONVERSION = YES;
				CLANG_WARN_NON_LITERAL_NULL_CONVERSION = YES;
				CLANG_WARN_OBJC_LITERAL_CONVERSION = YES;
				CLANG_WARN_OBJC_ROOT_CLASS = YES_ERROR;
				CLANG_WARN_RANGE_LOOP_ANALYSIS = YES;
				CLANG_WARN_STRICT_PROTOTYPES = YES;
				CLANG_WARN_SUSPICIOUS_MOVE = YES;
				CLANG_WARN_UNGUARDED_AVAILABILITY = YES_AGGRESSIVE;
				CLANG_WARN_UNREACHABLE_CODE = YES;
				CLANG_WARN__DUPLICATE_METHOD_MATCH = YES;
				CODE_SIGN_IDENTITY = "iPhone Developer";
				COPY_PHASE_STRIP = NO;
				DEBUG_INFORMATION_FORMAT = dwarf;
				ENABLE_STRICT_OBJC_MSGSEND = YES;
				ENABLE_TESTABILITY = YES;
				GCC_C_LANGUAGE_STANDARD = gnu11;
				GCC_DYNAMIC_NO_PIC = NO;
				GCC_NO_COMMON_BLOCKS = YES;
				GCC_OPTIMIZATION_LEVEL = 0;
				GCC_PREPROCESSOR_DEFINITIONS = (
					"DEBUG=1",
					"$(inherited)",
				);
				GCC_WARN_64_TO_32_BIT_CONVERSION = YES;
				GCC_WARN_ABOUT_RETURN_TYPE = YES_ERROR;
				GCC_WARN_UNDECLARED_SELECTOR = YES;
				GCC_WARN_UNINITIALIZED_AUTOS = YES_AGGRESSIVE;
				GCC_WARN_UNUSED_FUNCTION = YES;
				GCC_WARN_UNUSED_VARIABLE = YES;
				IPHONEOS_DEPLOYMENT_TARGET = 11.1;
				MTL_ENABLE_DEBUG_INFO = YES;
				ONLY_ACTIVE_ARCH = YES;
				SDKROOT = iphoneos;
				SWIFT_ACTIVE_COMPILATION_CONDITIONS = DEBUG;
				SWIFT_OPTIMIZATION_LEVEL = "-Onone";
			};
			name = Debug;
		};
		15FF88081F96D39700686BEB /* Release */ = {
			isa = XCBuildConfiguration;
			buildSettings = {
				ALWAYS_SEARCH_USER_PATHS = NO;
				CLANG_ANALYZER_NONNULL = YES;
				CLANG_ANALYZER_NUMBER_OBJECT_CONVERSION = YES_AGGRESSIVE;
				CLANG_CXX_LANGUAGE_STANDARD = "gnu++14";
				CLANG_CXX_LIBRARY = "libc++";
				CLANG_ENABLE_MODULES = YES;
				CLANG_ENABLE_OBJC_ARC = YES;
				CLANG_WARN_BLOCK_CAPTURE_AUTORELEASING = YES;
				CLANG_WARN_BOOL_CONVERSION = YES;
				CLANG_WARN_COMMA = YES;
				CLANG_WARN_CONSTANT_CONVERSION = YES;
				CLANG_WARN_DIRECT_OBJC_ISA_USAGE = YES_ERROR;
				CLANG_WARN_DOCUMENTATION_COMMENTS = YES;
				CLANG_WARN_EMPTY_BODY = YES;
				CLANG_WARN_ENUM_CONVERSION = YES;
				CLANG_WARN_INFINITE_RECURSION = YES;
				CLANG_WARN_INT_CONVERSION = YES;
				CLANG_WARN_NON_LITERAL_NULL_CONVERSION = YES;
				CLANG_WARN_OBJC_LITERAL_CONVERSION = YES;
				CLANG_WARN_OBJC_ROOT_CLASS = YES_ERROR;
				CLANG_WARN_RANGE_LOOP_ANALYSIS = YES;
				CLANG_WARN_STRICT_PROTOTYPES = YES;
				CLANG_WARN_SUSPICIOUS_MOVE = YES;
				CLANG_WARN_UNGUARDED_AVAILABILITY = YES_AGGRESSIVE;
				CLANG_WARN_UNREACHABLE_CODE = YES;
				CLANG_WARN__DUPLICATE_METHOD_MATCH = YES;
				CODE_SIGN_IDENTITY = "iPhone Developer";
				COPY_PHASE_STRIP = NO;
				DEBUG_INFORMATION_FORMAT = "dwarf-with-dsym";
				ENABLE_NS_ASSERTIONS = NO;
				ENABLE_STRICT_OBJC_MSGSEND = YES;
				GCC_C_LANGUAGE_STANDARD = gnu11;
				GCC_NO_COMMON_BLOCKS = YES;
				GCC_WARN_64_TO_32_BIT_CONVERSION = YES;
				GCC_WARN_ABOUT_RETURN_TYPE = YES_ERROR;
				GCC_WARN_UNDECLARED_SELECTOR = YES;
				GCC_WARN_UNINITIALIZED_AUTOS = YES_AGGRESSIVE;
				GCC_WARN_UNUSED_FUNCTION = YES;
				GCC_WARN_UNUSED_VARIABLE = YES;
				IPHONEOS_DEPLOYMENT_TARGET = 11.1;
				MTL_ENABLE_DEBUG_INFO = NO;
				SDKROOT = iphoneos;
				SWIFT_OPTIMIZATION_LEVEL = "-Owholemodule";
				VALIDATE_PRODUCT = YES;
			};
			name = Release;
		};
		15FF880A1F96D39700686BEB /* Debug */ = {
			isa = XCBuildConfiguration;
			baseConfigurationReference = 750F83D893AE98832ABC7077 /* Pods-routinez WatchKit Extension.debug.xcconfig */;
			buildSettings = {
				ASSETCATALOG_COMPILER_COMPLICATION_NAME = Complication;
				CODE_SIGN_STYLE = Automatic;
				DEVELOPMENT_TEAM = 6TPJ8JL8SN;
				INFOPLIST_FILE = "routinez WatchKit Extension/Info.plist";
				LD_RUNPATH_SEARCH_PATHS = "$(inherited) @executable_path/Frameworks @executable_path/../../Frameworks";
				PRODUCT_BUNDLE_IDENTIFIER = example.routinez.watchkitapp.watchkitextension;
				PRODUCT_NAME = "${TARGET_NAME}";
				SDKROOT = watchos;
				SKIP_INSTALL = YES;
				SWIFT_VERSION = 4.0;
				TARGETED_DEVICE_FAMILY = 4;
				WATCHOS_DEPLOYMENT_TARGET = 4.0;
			};
			name = Debug;
		};
		15FF880B1F96D39700686BEB /* Release */ = {
			isa = XCBuildConfiguration;
			baseConfigurationReference = F629C05828D0D4A57F183227 /* Pods-routinez WatchKit Extension.release.xcconfig */;
			buildSettings = {
				ASSETCATALOG_COMPILER_COMPLICATION_NAME = Complication;
				CODE_SIGN_STYLE = Automatic;
				DEVELOPMENT_TEAM = 6TPJ8JL8SN;
				INFOPLIST_FILE = "routinez WatchKit Extension/Info.plist";
				LD_RUNPATH_SEARCH_PATHS = "$(inherited) @executable_path/Frameworks @executable_path/../../Frameworks";
				PRODUCT_BUNDLE_IDENTIFIER = example.routinez.watchkitapp.watchkitextension;
				PRODUCT_NAME = "${TARGET_NAME}";
				SDKROOT = watchos;
				SKIP_INSTALL = YES;
				SWIFT_VERSION = 4.0;
				TARGETED_DEVICE_FAMILY = 4;
				WATCHOS_DEPLOYMENT_TARGET = 4.0;
			};
			name = Release;
		};
		15FF880E1F96D39700686BEB /* Debug */ = {
			isa = XCBuildConfiguration;
			baseConfigurationReference = 18E9B3DDE30CC9B5236E7A4A /* Pods-routinez WatchKit App.debug.xcconfig */;
			buildSettings = {
				ALWAYS_EMBED_SWIFT_STANDARD_LIBRARIES = YES;
				ASSETCATALOG_COMPILER_APPICON_NAME = AppIcon;
				CODE_SIGN_STYLE = Automatic;
				DEVELOPMENT_TEAM = 6TPJ8JL8SN;
				IBSC_MODULE = routinez_WatchKit_Extension;
				INFOPLIST_FILE = "routinez WatchKit App/Info.plist";
				PRODUCT_BUNDLE_IDENTIFIER = example.routinez.watchkitapp;
				PRODUCT_NAME = "$(TARGET_NAME)";
				SDKROOT = watchos;
				SKIP_INSTALL = YES;
				SWIFT_VERSION = 4.0;
				TARGETED_DEVICE_FAMILY = 4;
				WATCHOS_DEPLOYMENT_TARGET = 4.0;
			};
			name = Debug;
		};
		15FF880F1F96D39700686BEB /* Release */ = {
			isa = XCBuildConfiguration;
			baseConfigurationReference = CCB464498106D2194981EDE9 /* Pods-routinez WatchKit App.release.xcconfig */;
			buildSettings = {
				ALWAYS_EMBED_SWIFT_STANDARD_LIBRARIES = YES;
				ASSETCATALOG_COMPILER_APPICON_NAME = AppIcon;
				CODE_SIGN_STYLE = Automatic;
				DEVELOPMENT_TEAM = 6TPJ8JL8SN;
				IBSC_MODULE = routinez_WatchKit_Extension;
				INFOPLIST_FILE = "routinez WatchKit App/Info.plist";
				PRODUCT_BUNDLE_IDENTIFIER = example.routinez.watchkitapp;
				PRODUCT_NAME = "$(TARGET_NAME)";
				SDKROOT = watchos;
				SKIP_INSTALL = YES;
				SWIFT_VERSION = 4.0;
				TARGETED_DEVICE_FAMILY = 4;
				WATCHOS_DEPLOYMENT_TARGET = 4.0;
			};
			name = Release;
		};
		15FF88121F96D39700686BEB /* Debug */ = {
			isa = XCBuildConfiguration;
			baseConfigurationReference = 13E1FAEF665C10A941BAC8A7 /* Pods-routinez.debug.xcconfig */;
			buildSettings = {
				ASSETCATALOG_COMPILER_APPICON_NAME = AppIcon;
				CODE_SIGN_ENTITLEMENTS = routinez/routinez.entitlements;
				CODE_SIGN_STYLE = Automatic;
				DEVELOPMENT_TEAM = 6TPJ8JL8SN;
				INFOPLIST_FILE = routinez/Info.plist;
				IPHONEOS_DEPLOYMENT_TARGET = 10.3;
				LD_RUNPATH_SEARCH_PATHS = "$(inherited) @executable_path/Frameworks";
				PRODUCT_BUNDLE_IDENTIFIER = example.routinez;
				PRODUCT_NAME = "$(TARGET_NAME)";
				SWIFT_VERSION = 4.0;
				TARGETED_DEVICE_FAMILY = "1,2";
			};
			name = Debug;
		};
		15FF88131F96D39700686BEB /* Release */ = {
			isa = XCBuildConfiguration;
			baseConfigurationReference = 04E6A4A4AB83A866976A4919 /* Pods-routinez.release.xcconfig */;
			buildSettings = {
				ASSETCATALOG_COMPILER_APPICON_NAME = AppIcon;
				CODE_SIGN_ENTITLEMENTS = routinez/routinez.entitlements;
				CODE_SIGN_STYLE = Automatic;
				DEVELOPMENT_TEAM = 6TPJ8JL8SN;
				INFOPLIST_FILE = routinez/Info.plist;
				IPHONEOS_DEPLOYMENT_TARGET = 10.3;
				LD_RUNPATH_SEARCH_PATHS = "$(inherited) @executable_path/Frameworks";
				PRODUCT_BUNDLE_IDENTIFIER = example.routinez;
				PRODUCT_NAME = "$(TARGET_NAME)";
				SWIFT_VERSION = 4.0;
				TARGETED_DEVICE_FAMILY = "1,2";
			};
			name = Release;
		};
/* End XCBuildConfiguration section */

/* Begin XCConfigurationList section */
		15FF87D01F96D39700686BEB /* Build configuration list for PBXProject "routinez" */ = {
			isa = XCConfigurationList;
			buildConfigurations = (
				15FF88071F96D39700686BEB /* Debug */,
				15FF88081F96D39700686BEB /* Release */,
			);
			defaultConfigurationIsVisible = 0;
			defaultConfigurationName = Release;
		};
		15FF88091F96D39700686BEB /* Build configuration list for PBXNativeTarget "routinez WatchKit Extension" */ = {
			isa = XCConfigurationList;
			buildConfigurations = (
				15FF880A1F96D39700686BEB /* Debug */,
				15FF880B1F96D39700686BEB /* Release */,
			);
			defaultConfigurationIsVisible = 0;
			defaultConfigurationName = Release;
		};
		15FF880D1F96D39700686BEB /* Build configuration list for PBXNativeTarget "routinez WatchKit App" */ = {
			isa = XCConfigurationList;
			buildConfigurations = (
				15FF880E1F96D39700686BEB /* Debug */,
				15FF880F1F96D39700686BEB /* Release */,
			);
			defaultConfigurationIsVisible = 0;
			defaultConfigurationName = Release;
		};
		15FF88111F96D39700686BEB /* Build configuration list for PBXNativeTarget "routinez" */ = {
			isa = XCConfigurationList;
			buildConfigurations = (
				15FF88121F96D39700686BEB /* Debug */,
				15FF88131F96D39700686BEB /* Release */,
			);
			defaultConfigurationIsVisible = 0;
			defaultConfigurationName = Release;
		};
/* End XCConfigurationList section */
	};
	rootObject = 15FF87CD1F96D39700686BEB /* Project object */;
}
